
Microsoft Visual Studio Solution File, Format Version 12.00
# Visual Studio Version 17
VisualStudioVersion = 17.13.35931.197
MinimumVisualStudioVersion = 10.0.40219.1
Project("{FAE04EC0-301F-11D3-BF4B-00C04F79EFBC}") = "Gerenciador De Estoque", "Gerenciador De Estoque.csproj", "{206B4E4E-C535-41AC-A3EA-595451CAD7C2}"
EndProject
Global
	GlobalSection(SolutionConfigurationPlatforms) = preSolution
		Debug|Any CPU = Debug|Any CPU
		Release|Any CPU = Release|Any CPU
	EndGlobalSection
	GlobalSection(ProjectConfigurationPlatforms) = postSolution
		{206B4E4E-C535-41AC-A3EA-595451CAD7C2}.Debug|Any CPU.ActiveCfg = Debug|Any CPU
		{206B4E4E-C535-41AC-A3EA-595451CAD7C2}.Debug|Any CPU.Build.0 = Debug|Any CPU
		{206B4E4E-C535-41AC-A3EA-595451CAD7C2}.Release|Any CPU.ActiveCfg = Release|Any CPU
		{206B4E4E-C535-41AC-A3EA-595451CAD7C2}.Release|Any CPU.Build.0 = Release|Any CPU
	EndGlobalSection
	GlobalSection(SolutionProperties) = preSolution
		HideSolutionNode = FALSE
	EndGlobalSection
	GlobalSection(ExtensibilityGlobals) = postSolution
		SolutionGuid = {E7FFBCAE-E3D9-441F-BB4C-6CF72E38CF42}
	EndGlobalSection
EndGlobal
